# This file was autogenerated by Stack.
# You should not edit this file by hand.
# For more information, please see the documentation at:
#   https://docs.haskellstack.org/en/stable/lock_files

packages:
- completed:
    hackage: complex-generic-0.1.1.1@sha256:0e65acdac0f90f3bdd2143390fda5cd806e4ee1d7a263de0e52001e64aae6003,1278
    pantry-tree:
      size: 432
      sha256: a68c9af9ad59aea00c751692b8396662d9195547d951a433fc1352beb687bac7
  original:
    hackage: complex-generic-0.1.1.1@sha256:0e65acdac0f90f3bdd2143390fda5cd806e4ee1d7a263de0e52001e64aae6003
snapshots:
- completed:
    size: 524799
    url: https://raw.githubusercontent.com/commercialhaskell/stackage-snapshots/master/lts/14/17.yaml
    sha256: 1d72b33c0fc048e23f4f18fd76a6ad79dd1d8a3c054644098a71a09855e40c7c
  original: lts-14.17
